// !$*UTF8*$!
{
	archiveVersion = 1;
	classes = {
	};
	objectVersion = 56;
	objects = {

/* Begin PBXBuildFile section */
		25C9C2DCC0F72C2A027AB14B /* MinuteDialMathTests.swift in Sources */ = {isa = PBXBuildFile; fileRef = FF3D3B63FA75D842A76EEC18 /* MinuteDialMathTests.swift */; };
		AA0000000000000000000012 /* SleepTimerState.swift in Sources */ = {isa = PBXBuildFile; fileRef = AA0000000000000000000001 /* SleepTimerState.swift */; };
		AA0000000000000000000013 /* SleepTimerManager.swift in Sources */ = {isa = PBXBuildFile; fileRef = AA0000000000000000000002 /* SleepTimerManager.swift */; };
		AA0000000000000000000014 /* TimeFormatting.swift in Sources */ = {isa = PBXBuildFile; fileRef = AA0000000000000000000003 /* TimeFormatting.swift */; };
		AA0000000000000000000015 /* DarkeningBackground.swift in Sources */ = {isa = PBXBuildFile; fileRef = AA0000000000000000000004 /* DarkeningBackground.swift */; };
		AA0000000000000000000016 /* SleepTimerState.swift in Sources */ = {isa = PBXBuildFile; fileRef = AA0000000000000000000001 /* SleepTimerState.swift */; };
		AA0000000000000000000017 /* SleepTimerManager.swift in Sources */ = {isa = PBXBuildFile; fileRef = AA0000000000000000000002 /* SleepTimerManager.swift */; };
		AA0000000000000000000018 /* TimeFormatting.swift in Sources */ = {isa = PBXBuildFile; fileRef = AA0000000000000000000003 /* TimeFormatting.swift */; };
		AA0000000000000000000019 /* DarkeningBackground.swift in Sources */ = {isa = PBXBuildFile; fileRef = AA0000000000000000000004 /* DarkeningBackground.swift */; };
		AA000000000000000000001A /* SleepTimerApp.swift in Sources */ = {isa = PBXBuildFile; fileRef = AA0000000000000000000005 /* SleepTimerApp.swift */; };
		AA000000000000000000001B /* ContentView.swift in Sources */ = {isa = PBXBuildFile; fileRef = AA0000000000000000000006 /* ContentView.swift */; };
		AA000000000000000000001C /* GlassComponents.swift in Sources */ = {isa = PBXBuildFile; fileRef = AA0000000000000000000007 /* GlassComponents.swift */; };
		AA000000000000000000001D /* MinuteDialView.swift in Sources */ = {isa = PBXBuildFile; fileRef = AA0000000000000000000008 /* MinuteDialView.swift */; };
		AA000000000000000000001E /* SetupView.swift in Sources */ = {isa = PBXBuildFile; fileRef = AA0000000000000000000009 /* SetupView.swift */; };
		AA000000000000000000001F /* RunningView.swift in Sources */ = {isa = PBXBuildFile; fileRef = AA000000000000000000000A /* RunningView.swift */; };
		AA0000000000000000000020 /* CustomAddSheet.swift in Sources */ = {isa = PBXBuildFile; fileRef = AA000000000000000000000B /* CustomAddSheet.swift */; };
		AA0000000000000000000021 /* SleepTimerWatchApp.swift in Sources */ = {isa = PBXBuildFile; fileRef = AA000000000000000000000C /* SleepTimerWatchApp.swift */; };
		AA0000000000000000000022 /* WatchContentView.swift in Sources */ = {isa = PBXBuildFile; fileRef = AA000000000000000000000D /* WatchContentView.swift */; };
		AA0000000000000000000023 /* WatchSetupView.swift in Sources */ = {isa = PBXBuildFile; fileRef = AA000000000000000000000E /* WatchSetupView.swift */; };
		AA0000000000000000000024 /* WatchRunningView.swift in Sources */ = {isa = PBXBuildFile; fileRef = AA000000000000000000000F /* WatchRunningView.swift */; };
		AA0000000000000000000025 /* WatchCustomAddView.swift in Sources */ = {isa = PBXBuildFile; fileRef = AA0000000000000000000010 /* WatchCustomAddView.swift */; };
		AA0000000000000000000026 /* SleepTimerManagerTests.swift in Sources */ = {isa = PBXBuildFile; fileRef = AA0000000000000000000011 /* SleepTimerManagerTests.swift */; };
		AA0000000000000000000029 /* Assets.xcassets in Resources */ = {isa = PBXBuildFile; fileRef = AA0000000000000000000027 /* Assets.xcassets */; };
		AA000000000000000000002A /* Assets.xcassets in Resources */ = {isa = PBXBuildFile; fileRef = AA0000000000000000000028 /* Assets.xcassets */; };
		AA000000000000000000002E /* SleepTimer Watch App.app in Embed Watch Content */ = {isa = PBXBuildFile; fileRef = AA000000000000000000002C /* SleepTimer Watch App.app */; settings = {ATTRIBUTES = (RemoveHeadersOnCopy, ); }; };
/* End PBXBuildFile section */

/* Begin PBXContainerItemProxy section */
		AA0000000000000000000046 /* PBXContainerItemProxy */ = {
			isa = PBXContainerItemProxy;
			containerPortal = AA000000000000000000003B /* Project object */;
			proxyType = 1;
			remoteGlobalIDString = AA0000000000000000000039;
			remoteInfo = "SleepTimer Watch App";
		};
		AA0000000000000000000048 /* PBXContainerItemProxy */ = {
			isa = PBXContainerItemProxy;
			containerPortal = AA000000000000000000003B /* Project object */;
			proxyType = 1;
			remoteGlobalIDString = AA0000000000000000000038;
			remoteInfo = SleepTimer;
		};
/* End PBXContainerItemProxy section */

/* Begin PBXCopyFilesBuildPhase section */
		AA0000000000000000000045 /* Embed Watch Content */ = {
			isa = PBXCopyFilesBuildPhase;
			buildActionMask = 2147483647;
			dstPath = "$(CONTENTS_FOLDER_PATH)/Watch";
			dstSubfolderSpec = 16;
			files = (
				AA000000000000000000002E /* SleepTimer Watch App.app in Embed Watch Content */,
			);
			name = "Embed Watch Content";
			runOnlyForDeploymentPostprocessing = 0;
		};
/* End PBXCopyFilesBuildPhase section */

/* Begin PBXFileReference section */
		AA0000000000000000000001 /* SleepTimerState.swift */ = {isa = PBXFileReference; lastKnownFileType = sourcecode.swift; path = SleepTimerState.swift; sourceTree = "<group>"; };
		AA0000000000000000000002 /* SleepTimerManager.swift */ = {isa = PBXFileReference; lastKnownFileType = sourcecode.swift; path = SleepTimerManager.swift; sourceTree = "<group>"; };
		AA0000000000000000000003 /* TimeFormatting.swift */ = {isa = PBXFileReference; lastKnownFileType = sourcecode.swift; path = TimeFormatting.swift; sourceTree = "<group>"; };
		AA0000000000000000000004 /* DarkeningBackground.swift */ = {isa = PBXFileReference; lastKnownFileType = sourcecode.swift; path = DarkeningBackground.swift; sourceTree = "<group>"; };
		AA0000000000000000000005 /* SleepTimerApp.swift */ = {isa = PBXFileReference; lastKnownFileType = sourcecode.swift; path = SleepTimerApp.swift; sourceTree = "<group>"; };
		AA0000000000000000000006 /* ContentView.swift */ = {isa = PBXFileReference; lastKnownFileType = sourcecode.swift; path = ContentView.swift; sourceTree = "<group>"; };
		AA0000000000000000000007 /* GlassComponents.swift */ = {isa = PBXFileReference; lastKnownFileType = sourcecode.swift; path = GlassComponents.swift; sourceTree = "<group>"; };
		AA0000000000000000000008 /* MinuteDialView.swift */ = {isa = PBXFileReference; lastKnownFileType = sourcecode.swift; path = MinuteDialView.swift; sourceTree = "<group>"; };
		AA0000000000000000000009 /* SetupView.swift */ = {isa = PBXFileReference; lastKnownFileType = sourcecode.swift; path = SetupView.swift; sourceTree = "<group>"; };
		AA000000000000000000000A /* RunningView.swift */ = {isa = PBXFileReference; lastKnownFileType = sourcecode.swift; path = RunningView.swift; sourceTree = "<group>"; };
		AA000000000000000000000B /* CustomAddSheet.swift */ = {isa = PBXFileReference; lastKnownFileType = sourcecode.swift; path = CustomAddSheet.swift; sourceTree = "<group>"; };
		AA000000000000000000000C /* SleepTimerWatchApp.swift */ = {isa = PBXFileReference; lastKnownFileType = sourcecode.swift; path = SleepTimerWatchApp.swift; sourceTree = "<group>"; };
		AA000000000000000000000D /* WatchContentView.swift */ = {isa = PBXFileReference; lastKnownFileType = sourcecode.swift; path = WatchContentView.swift; sourceTree = "<group>"; };
		AA000000000000000000000E /* WatchSetupView.swift */ = {isa = PBXFileReference; lastKnownFileType = sourcecode.swift; path = WatchSetupView.swift; sourceTree = "<group>"; };
		AA000000000000000000000F /* WatchRunningView.swift */ = {isa = PBXFileReference; lastKnownFileType = sourcecode.swift; path = WatchRunningView.swift; sourceTree = "<group>"; };
		AA0000000000000000000010 /* WatchCustomAddView.swift */ = {isa = PBXFileReference; lastKnownFileType = sourcecode.swift; path = WatchCustomAddView.swift; sourceTree = "<group>"; };
		AA0000000000000000000011 /* SleepTimerManagerTests.swift */ = {isa = PBXFileReference; lastKnownFileType = sourcecode.swift; path = SleepTimerManagerTests.swift; sourceTree = "<group>"; };
		AA0000000000000000000027 /* Assets.xcassets */ = {isa = PBXFileReference; lastKnownFileType = folder.assetcatalog; path = Assets.xcassets; sourceTree = "<group>"; };
		AA0000000000000000000028 /* Assets.xcassets */ = {isa = PBXFileReference; lastKnownFileType = folder.assetcatalog; path = Assets.xcassets; sourceTree = "<group>"; };
		AA000000000000000000002B /* SleepTimer.app */ = {isa = PBXFileReference; explicitFileType = wrapper.application; includeInIndex = 0; path = SleepTimer.app; sourceTree = BUILT_PRODUCTS_DIR; };
		AA000000000000000000002C /* SleepTimer Watch App.app */ = {isa = PBXFileReference; explicitFileType = wrapper.application; includeInIndex = 0; path = "SleepTimer Watch App.app"; sourceTree = BUILT_PRODUCTS_DIR; };
		AA000000000000000000002D /* SleepTimerTests.xctest */ = {isa = PBXFileReference; explicitFileType = wrapper.cfbundle; includeInIndex = 0; path = SleepTimerTests.xctest; sourceTree = BUILT_PRODUCTS_DIR; };
		FF3D3B63FA75D842A76EEC18 /* MinuteDialMathTests.swift */ = {isa = PBXFileReference; includeInIndex = 1; lastKnownFileType = sourcecode.swift; path = MinuteDialMathTests.swift; sourceTree = "<group>"; };
/* End PBXFileReference section */

/* Begin PBXFrameworksBuildPhase section */
		AA000000000000000000003D /* Frameworks */ = {
			isa = PBXFrameworksBuildPhase;
			buildActionMask = 2147483647;
			files = (
			);
			runOnlyForDeploymentPostprocessing = 0;
		};
		AA0000000000000000000040 /* Frameworks */ = {
			isa = PBXFrameworksBuildPhase;
			buildActionMask = 2147483647;
			files = (
			);
			runOnlyForDeploymentPostprocessing = 0;
		};
		AA0000000000000000000043 /* Frameworks */ = {
			isa = PBXFrameworksBuildPhase;
			buildActionMask = 2147483647;
			files = (
			);
			runOnlyForDeploymentPostprocessing = 0;
		};
/* End PBXFrameworksBuildPhase section */

/* Begin PBXGroup section */
		AA000000000000000000002F = {
			isa = PBXGroup;
			children = (
				AA0000000000000000000030 /* SleepTimer */,
				AA0000000000000000000034 /* SleepTimer Watch App */,
				AA0000000000000000000036 /* SleepTimerTests */,
				AA0000000000000000000037 /* Products */,
			);
			sourceTree = "<group>";
		};
		AA0000000000000000000030 /* SleepTimer */ = {
			isa = PBXGroup;
			children = (
				AA0000000000000000000031 /* Shared */,
				AA0000000000000000000032 /* iOS */,
			);
			path = SleepTimer;
			sourceTree = "<group>";
		};
		AA0000000000000000000031 /* Shared */ = {
			isa = PBXGroup;
			children = (
				AA0000000000000000000001 /* SleepTimerState.swift */,
				AA0000000000000000000002 /* SleepTimerManager.swift */,
				AA0000000000000000000003 /* TimeFormatting.swift */,
				AA0000000000000000000004 /* DarkeningBackground.swift */,
			);
			path = Shared;
			sourceTree = "<group>";
		};
		AA0000000000000000000032 /* iOS */ = {
			isa = PBXGroup;
			children = (
				AA0000000000000000000005 /* SleepTimerApp.swift */,
				AA0000000000000000000006 /* ContentView.swift */,
				AA0000000000000000000033 /* Views */,
				AA0000000000000000000027 /* Assets.xcassets */,
			);
			path = iOS;
			sourceTree = "<group>";
		};
		AA0000000000000000000033 /* Views */ = {
			isa = PBXGroup;
			children = (
				AA0000000000000000000007 /* GlassComponents.swift */,
				AA0000000000000000000008 /* MinuteDialView.swift */,
				AA0000000000000000000009 /* SetupView.swift */,
				AA000000000000000000000A /* RunningView.swift */,
				AA000000000000000000000B /* CustomAddSheet.swift */,
			);
			path = Views;
			sourceTree = "<group>";
		};
		AA0000000000000000000034 /* SleepTimer Watch App */ = {
			isa = PBXGroup;
			children = (
				AA000000000000000000000C /* SleepTimerWatchApp.swift */,
				AA000000000000000000000D /* WatchContentView.swift */,
				AA0000000000000000000035 /* Views */,
				AA0000000000000000000028 /* Assets.xcassets */,
			);
			path = "SleepTimer Watch App";
			sourceTree = "<group>";
		};
		AA0000000000000000000035 /* Views */ = {
			isa = PBXGroup;
			children = (
				AA000000000000000000000E /* WatchSetupView.swift */,
				AA000000000000000000000F /* WatchRunningView.swift */,
				AA0000000000000000000010 /* WatchCustomAddView.swift */,
			);
			path = Views;
			sourceTree = "<group>";
		};
		AA0000000000000000000036 /* SleepTimerTests */ = {
			isa = PBXGroup;
			children = (
				AA0000000000000000000011 /* SleepTimerManagerTests.swift */,
				FF3D3B63FA75D842A76EEC18 /* MinuteDialMathTests.swift */,
			);
			path = SleepTimerTests;
			sourceTree = "<group>";
		};
		AA0000000000000000000037 /* Products */ = {
			isa = PBXGroup;
			children = (
				AA000000000000000000002B /* SleepTimer.app */,
				AA000000000000000000002C /* SleepTimer Watch App.app */,
				AA000000000000000000002D /* SleepTimerTests.xctest */,
			);
			name = Products;
			sourceTree = "<group>";
		};
/* End PBXGroup section */

/* Begin PBXNativeTarget section */
		AA0000000000000000000038 /* SleepTimer */ = {
			isa = PBXNativeTarget;
			buildConfigurationList = AA000000000000000000004F /* Build configuration list for PBXNativeTarget "SleepTimer" */;
			buildPhases = (
				AA000000000000000000003C /* Sources */,
				AA000000000000000000003D /* Frameworks */,
				AA000000000000000000003E /* Resources */,
				AA0000000000000000000045 /* Embed Watch Content */,
			);
			buildRules = (
			);
			dependencies = (
				AA0000000000000000000047 /* PBXTargetDependency */,
			);
			name = SleepTimer;
			productName = SleepTimer;
			productReference = AA000000000000000000002B /* SleepTimer.app */;
			productType = "com.apple.product-type.application";
		};
		AA0000000000000000000039 /* SleepTimer Watch App */ = {
			isa = PBXNativeTarget;
			buildConfigurationList = AA0000000000000000000052 /* Build configuration list for PBXNativeTarget "SleepTimer Watch App" */;
			buildPhases = (
				AA000000000000000000003F /* Sources */,
				AA0000000000000000000040 /* Frameworks */,
				AA0000000000000000000041 /* Resources */,
			);
			buildRules = (
			);
			dependencies = (
			);
			name = "SleepTimer Watch App";
			productName = "SleepTimer Watch App";
			productReference = AA000000000000000000002C /* SleepTimer Watch App.app */;
			productType = "com.apple.product-type.application";
		};
		AA000000000000000000003A /* SleepTimerTests */ = {
			isa = PBXNativeTarget;
			buildConfigurationList = AA0000000000000000000055 /* Build configuration list for PBXNativeTarget "SleepTimerTests" */;
			buildPhases = (
				AA0000000000000000000042 /* Sources */,
				AA0000000000000000000043 /* Frameworks */,
				AA0000000000000000000044 /* Resources */,
			);
			buildRules = (
			);
			dependencies = (
				AA0000000000000000000049 /* PBXTargetDependency */,
			);
			name = SleepTimerTests;
			productName = SleepTimerTests;
			productReference = AA000000000000000000002D /* SleepTimerTests.xctest */;
			productType = "com.apple.product-type.bundle.unit-test";
		};
/* End PBXNativeTarget section */

/* Begin PBXProject section */
		AA000000000000000000003B /* Project object */ = {
			isa = PBXProject;
			attributes = {
				BuildIndependentTargetsInParallel = 1;
				LastSwiftUpdateCheck = 1620;
				LastUpgradeCheck = 1620;
				TargetAttributes = {
					AA0000000000000000000038 = {
						CreatedOnToolsVersion = 16.2;
						ProvisioningStyle = Automatic;
					};
					AA0000000000000000000039 = {
						CreatedOnToolsVersion = 16.2;
						ProvisioningStyle = Automatic;
					};
					AA000000000000000000003A = {
						CreatedOnToolsVersion = 16.2;
						ProvisioningStyle = Automatic;
						TestTargetID = AA0000000000000000000038;
					};
				};
			};
			buildConfigurationList = AA000000000000000000004C /* Build configuration list for PBXProject "SleepTimer" */;
			compatibilityVersion = "Xcode 14.0";
			developmentRegion = en;
			hasScannedForEncodings = 0;
			knownRegions = (
				en,
				Base,
			);
			mainGroup = AA000000000000000000002F;
			productRefGroup = AA0000000000000000000037 /* Products */;
			projectDirPath = "";
			projectRoot = "";
			targets = (
				AA0000000000000000000038 /* SleepTimer */,
				AA0000000000000000000039 /* SleepTimer Watch App */,
				AA000000000000000000003A /* SleepTimerTests */,
			);
		};
/* End PBXProject section */

/* Begin PBXResourcesBuildPhase section */
		AA000000000000000000003E /* Resources */ = {
			isa = PBXResourcesBuildPhase;
			buildActionMask = 2147483647;
			files = (
				AA0000000000000000000029 /* Assets.xcassets in Resources */,
			);
			runOnlyForDeploymentPostprocessing = 0;
		};
		AA0000000000000000000041 /* Resources */ = {
			isa = PBXResourcesBuildPhase;
			buildActionMask = 2147483647;
			files = (
				AA000000000000000000002A /* Assets.xcassets in Resources */,
			);
			runOnlyForDeploymentPostprocessing = 0;
		};
		AA0000000000000000000044 /* Resources */ = {
			isa = PBXResourcesBuildPhase;
			buildActionMask = 2147483647;
			files = (
			);
			runOnlyForDeploymentPostprocessing = 0;
		};
/* End PBXResourcesBuildPhase section */

/* Begin PBXSourcesBuildPhase section */
		AA000000000000000000003C /* Sources */ = {
			isa = PBXSourcesBuildPhase;
			buildActionMask = 2147483647;
			files = (
				AA0000000000000000000012 /* SleepTimerState.swift in Sources */,
				AA0000000000000000000013 /* SleepTimerManager.swift in Sources */,
				AA0000000000000000000014 /* TimeFormatting.swift in Sources */,
				AA0000000000000000000015 /* DarkeningBackground.swift in Sources */,
				AA000000000000000000001A /* SleepTimerApp.swift in Sources */,
				AA000000000000000000001B /* ContentView.swift in Sources */,
				AA000000000000000000001C /* GlassComponents.swift in Sources */,
				AA000000000000000000001D /* MinuteDialView.swift in Sources */,
				AA000000000000000000001E /* SetupView.swift in Sources */,
				AA000000000000000000001F /* RunningView.swift in Sources */,
				AA0000000000000000000020 /* CustomAddSheet.swift in Sources */,
			);
			runOnlyForDeploymentPostprocessing = 0;
		};
		AA000000000000000000003F /* Sources */ = {
			isa = PBXSourcesBuildPhase;
			buildActionMask = 2147483647;
			files = (
				AA0000000000000000000016 /* SleepTimerState.swift in Sources */,
				AA0000000000000000000017 /* SleepTimerManager.swift in Sources */,
				AA0000000000000000000018 /* TimeFormatting.swift in Sources */,
				AA0000000000000000000019 /* DarkeningBackground.swift in Sources */,
				AA0000000000000000000021 /* SleepTimerWatchApp.swift in Sources */,
				AA0000000000000000000022 /* WatchContentView.swift in Sources */,
				AA0000000000000000000023 /* WatchSetupView.swift in Sources */,
				AA0000000000000000000024 /* WatchRunningView.swift in Sources */,
				AA0000000000000000000025 /* WatchCustomAddView.swift in Sources */,
			);
			runOnlyForDeploymentPostprocessing = 0;
		};
		AA0000000000000000000042 /* Sources */ = {
			isa = PBXSourcesBuildPhase;
			buildActionMask = 2147483647;
			files = (
				AA0000000000000000000026 /* SleepTimerManagerTests.swift in Sources */,
				25C9C2DCC0F72C2A027AB14B /* MinuteDialMathTests.swift in Sources */,
			);
			runOnlyForDeploymentPostprocessing = 0;
		};
/* End PBXSourcesBuildPhase section */

/* Begin PBXTargetDependency section */
		AA0000000000000000000047 /* PBXTargetDependency */ = {
			isa = PBXTargetDependency;
			target = AA0000000000000000000039 /* SleepTimer Watch App */;
			targetProxy = AA0000000000000000000046 /* PBXContainerItemProxy */;
		};
		AA0000000000000000000049 /* PBXTargetDependency */ = {
			isa = PBXTargetDependency;
			target = AA0000000000000000000038 /* SleepTimer */;
			targetProxy = AA0000000000000000000048 /* PBXContainerItemProxy */;
		};
/* End PBXTargetDependency section */

/* Begin XCBuildConfiguration section */
		AA000000000000000000004A /* Debug */ = {
			isa = XCBuildConfiguration;
			buildSettings = {
				ALWAYS_SEARCH_USER_PATHS = NO;
				ASSETCATALOG_COMPILER_GENERATE_SWIFT_ASSET_SYMBOL_EXTENSIONS = YES;
				CLANG_ANALYZER_NONNULL = YES;
				CLANG_ANALYZER_NUMBER_OBJECT_CONVERSION = YES_AGGRESSIVE;
				CLANG_CXX_LANGUAGE_STANDARD = "gnu++20";
				CLANG_ENABLE_MODULES = YES;
				CLANG_ENABLE_OBJC_ARC = YES;
				CLANG_ENABLE_OBJC_WEAK = YES;
				CLANG_WARN_BLOCK_CAPTURE_AUTORELEASING = YES;
				CLANG_WARN_BOOL_CONVERSION = YES;
				CLANG_WARN_COMMA = YES;
				CLANG_WARN_CONSTANT_CONVERSION = YES;
				CLANG_WARN_DEPRECATED_OBJC_IMPLEMENTATIONS = YES;
				CLANG_WARN_DIRECT_OBJC_ISA_USAGE = YES_ERROR;
				CLANG_WARN_DOCUMENTATION_COMMENTS = YES;
				CLANG_WARN_EMPTY_BODY = YES;
				CLANG_WARN_ENUM_CONVERSION = YES;
				CLANG_WARN_INFINITE_RECURSION = YES;
				CLANG_WARN_INT_CONVERSION = YES;
				CLANG_WARN_NON_LITERAL_NULL_CONVERSION = YES;
				CLANG_WARN_OBJC_IMPLICIT_RETAIN_SELF = YES;
				CLANG_WARN_OBJC_LITERAL_CONVERSION = YES;
				CLANG_WARN_OBJC_ROOT_CLASS = YES_ERROR;
				CLANG_WARN_QUOTED_INCLUDE_IN_FRAMEWORK_HEADER = YES;
				CLANG_WARN_RANGE_LOOP_ANALYSIS = YES;
				CLANG_WARN_STRICT_PROTOTYPES = YES;
				CLANG_WARN_SUSPICIOUS_MOVE = YES;
				CLANG_WARN_UNGUARDED_AVAILABILITY = YES_AGGRESSIVE;
				CLANG_WARN_UNREACHABLE_CODE = YES;
				CLANG_WARN__DUPLICATE_METHOD_MATCH = YES;
				COPY_PHASE_STRIP = NO;
				DEBUG_INFORMATION_FORMAT = dwarf;
				ENABLE_STRICT_OBJC_MSGSEND = YES;
				ENABLE_TESTABILITY = YES;
				ENABLE_USER_SCRIPT_SANDBOXING = YES;
				GCC_C_LANGUAGE_STANDARD = gnu17;
				GCC_DYNAMIC_NO_PIC = NO;
				GCC_NO_COMMON_BLOCKS = YES;
				GCC_OPTIMIZATION_LEVEL = 0;
				GCC_PREPROCESSOR_DEFINITIONS = (
					"DEBUG=1",
					"$(inherited)",
				);
				GCC_WARN_64_TO_32_BIT_CONVERSION = YES;
				GCC_WARN_ABOUT_RETURN_TYPE = YES_ERROR;
				GCC_WARN_UNDECLARED_SELECTOR = YES;
				GCC_WARN_UNINITIALIZED_AUTOS = YES_AGGRESSIVE;
				GCC_WARN_UNUSED_FUNCTION = YES;
				GCC_WARN_UNUSED_VARIABLE = YES;
				MTL_ENABLE_DEBUG_INFO = INCLUDE_SOURCE;
				MTL_FAST_MATH = YES;
				ONLY_ACTIVE_ARCH = YES;
				SDKROOT = iphoneos;
				SWIFT_ACTIVE_COMPILATION_CONDITIONS = "DEBUG $(inherited)";
				SWIFT_OPTIMIZATION_LEVEL = "-Onone";
				SWIFT_VERSION = 5.0;
			};
			name = Debug;
		};
		AA000000000000000000004B /* Release */ = {
			isa = XCBuildConfiguration;
			buildSettings = {
				ALWAYS_SEARCH_USER_PATHS = NO;
				ASSETCATALOG_COMPILER_GENERATE_SWIFT_ASSET_SYMBOL_EXTENSIONS = YES;
				CLANG_ANALYZER_NONNULL = YES;
				CLANG_ANALYZER_NUMBER_OBJECT_CONVERSION = YES_AGGRESSIVE;
				CLANG_CXX_LANGUAGE_STANDARD = "gnu++20";
				CLANG_ENABLE_MODULES = YES;
				CLANG_ENABLE_OBJC_ARC = YES;
				CLANG_ENABLE_OBJC_WEAK = YES;
				CLANG_WARN_BLOCK_CAPTURE_AUTORELEASING = YES;
				CLANG_WARN_BOOL_CONVERSION = YES;
				CLANG_WARN_COMMA = YES;
				CLANG_WARN_CONSTANT_CONVERSION = YES;
				CLANG_WARN_DEPRECATED_OBJC_IMPLEMENTATIONS = YES;
				CLANG_WARN_DIRECT_OBJC_ISA_USAGE = YES_ERROR;
				CLANG_WARN_DOCUMENTATION_COMMENTS = YES;
				CLANG_WARN_EMPTY_BODY = YES;
				CLANG_WARN_ENUM_CONVERSION = YES;
				CLANG_WARN_INFINITE_RECURSION = YES;
				CLANG_WARN_INT_CONVERSION = YES;
				CLANG_WARN_NON_LITERAL_NULL_CONVERSION = YES;
				CLANG_WARN_OBJC_IMPLICIT_RETAIN_SELF = YES;
				CLANG_WARN_OBJC_LITERAL_CONVERSION = YES;
				CLANG_WARN_OBJC_ROOT_CLASS = YES_ERROR;
				CLANG_WARN_QUOTED_INCLUDE_IN_FRAMEWORK_HEADER = YES;
				CLANG_WARN_RANGE_LOOP_ANALYSIS = YES;
				CLANG_WARN_STRICT_PROTOTYPES = YES;
				CLANG_WARN_SUSPICIOUS_MOVE = YES;
				CLANG_WARN_UNGUARDED_AVAILABILITY = YES_AGGRESSIVE;
				CLANG_WARN_UNREACHABLE_CODE = YES;
				CLANG_WARN__DUPLICATE_METHOD_MATCH = YES;
				COPY_PHASE_STRIP = NO;
				DEBUG_INFORMATION_FORMAT = "dwarf-with-dsym";
				ENABLE_NS_ASSERTIONS = NO;
				ENABLE_STRICT_OBJC_MSGSEND = YES;
				ENABLE_USER_SCRIPT_SANDBOXING = YES;
				GCC_C_LANGUAGE_STANDARD = gnu17;
				GCC_NO_COMMON_BLOCKS = YES;
				GCC_WARN_64_TO_32_BIT_CONVERSION = YES;
				GCC_WARN_ABOUT_RETURN_TYPE = YES_ERROR;
				GCC_WARN_UNDECLARED_SELECTOR = YES;
				GCC_WARN_UNINITIALIZED_AUTOS = YES_AGGRESSIVE;
				GCC_WARN_UNUSED_FUNCTION = YES;
				GCC_WARN_UNUSED_VARIABLE = YES;
				MTL_ENABLE_DEBUG_INFO = NO;
				MTL_FAST_MATH = YES;
				ONLY_ACTIVE_ARCH = NO;
				SDKROOT = iphoneos;
				SWIFT_COMPILATION_MODE = wholemodule;
				SWIFT_VERSION = 5.0;
			};
			name = Release;
		};
		AA000000000000000000004D /* Debug */ = {
			isa = XCBuildConfiguration;
			buildSettings = {
				ASSETCATALOG_COMPILER_APPICON_NAME = AppIcon;
				ASSETCATALOG_COMPILER_GLOBAL_ACCENT_COLOR_NAME = AccentColor;
				CODE_SIGN_STYLE = Automatic;
				CURRENT_PROJECT_VERSION = 1;
				GENERATE_INFOPLIST_FILE = YES;
				INFOPLIST_KEY_CFBundleDisplayName = "Sleep Timer";
				INFOPLIST_KEY_LSApplicationCategoryType = "public.app-category.utilities";
				INFOPLIST_KEY_NSHumanReadableCopyright = "";
				INFOPLIST_KEY_UIApplicationSceneManifest_Generation = YES;
				INFOPLIST_KEY_UIApplicationSupportsIndirectInputEvents = YES;
				INFOPLIST_KEY_UILaunchScreen_Generation = YES;
				INFOPLIST_KEY_UIStatusBarStyle = UIStatusBarStyleLightContent;
				INFOPLIST_KEY_UISupportedInterfaceOrientations = UIInterfaceOrientationPortrait;
				INFOPLIST_KEY_UIUserInterfaceStyle = Dark;
				IPHONEOS_DEPLOYMENT_TARGET = 26.0;
				LD_RUNPATH_SEARCH_PATHS = (
					"$(inherited)",
					"@executable_path/Frameworks",
				);
				MARKETING_VERSION = 1.0;
				PRODUCT_BUNDLE_IDENTIFIER = com.azm.SleepTimer;
				PRODUCT_NAME = "$(TARGET_NAME)";
				SWIFT_EMIT_LOC_STRINGS = YES;
				SWIFT_VERSION = 5.0;
				TARGETED_DEVICE_FAMILY = 1;
			};
			name = Debug;
		};
		AA000000000000000000004E /* Release */ = {
			isa = XCBuildConfiguration;
			buildSettings = {
				ASSETCATALOG_COMPILER_APPICON_NAME = AppIcon;
				ASSETCATALOG_COMPILER_GLOBAL_ACCENT_COLOR_NAME = AccentColor;
				CODE_SIGN_STYLE = Automatic;
				CURRENT_PROJECT_VERSION = 1;
				GENERATE_INFOPLIST_FILE = YES;
				INFOPLIST_KEY_CFBundleDisplayName = "Sleep Timer";
				INFOPLIST_KEY_LSApplicationCategoryType = "public.app-category.utilities";
				INFOPLIST_KEY_NSHumanReadableCopyright = "";
				INFOPLIST_KEY_UIApplicationSceneManifest_Generation = YES;
				INFOPLIST_KEY_UIApplicationSupportsIndirectInputEvents = YES;
				INFOPLIST_KEY_UILaunchScreen_Generation = YES;
				INFOPLIST_KEY_UIStatusBarStyle = UIStatusBarStyleLightContent;
				INFOPLIST_KEY_UISupportedInterfaceOrientations = UIInterfaceOrientationPortrait;
				INFOPLIST_KEY_UIUserInterfaceStyle = Dark;
				IPHONEOS_DEPLOYMENT_TARGET = 26.0;
				LD_RUNPATH_SEARCH_PATHS = (
					"$(inherited)",
					"@executable_path/Frameworks",
				);
				MARKETING_VERSION = 1.0;
				PRODUCT_BUNDLE_IDENTIFIER = com.azm.SleepTimer;
				PRODUCT_NAME = "$(TARGET_NAME)";
				SWIFT_EMIT_LOC_STRINGS = YES;
				SWIFT_VERSION = 5.0;
				TARGETED_DEVICE_FAMILY = 1;
			};
			name = Release;
		};
		AA0000000000000000000050 /* Debug */ = {
			isa = XCBuildConfiguration;
			buildSettings = {
				ASSETCATALOG_COMPILER_APPICON_NAME = AppIcon;
				ASSETCATALOG_COMPILER_GLOBAL_ACCENT_COLOR_NAME = AccentColor;
				CODE_SIGN_STYLE = Automatic;
				CURRENT_PROJECT_VERSION = 1;
				GENERATE_INFOPLIST_FILE = YES;
				INFOPLIST_KEY_CFBundleDisplayName = "Sleep Timer";
				INFOPLIST_KEY_UIUserInterfaceStyle = Dark;
				INFOPLIST_KEY_WKCompanionAppBundleIdentifier = com.azm.SleepTimer;
				INFOPLIST_KEY_WKRunsIndependentlyOfCompanionApp = YES;
				LD_RUNPATH_SEARCH_PATHS = (
					"$(inherited)",
					"@executable_path/Frameworks",
				);
				MARKETING_VERSION = 1.0;
				PRODUCT_BUNDLE_IDENTIFIER = com.azm.SleepTimer.watchkitapp;
				PRODUCT_NAME = "$(TARGET_NAME)";
				SDKROOT = watchos;
				SKIP_INSTALL = YES;
				SWIFT_EMIT_LOC_STRINGS = YES;
				SWIFT_VERSION = 5.0;
				TARGETED_DEVICE_FAMILY = 4;
				WATCHOS_DEPLOYMENT_TARGET = 26.0;
			};
			name = Debug;
		};
		AA0000000000000000000051 /* Release */ = {
			isa = XCBuildConfiguration;
			buildSettings = {
				ASSETCATALOG_COMPILER_APPICON_NAME = AppIcon;
				ASSETCATALOG_COMPILER_GLOBAL_ACCENT_COLOR_NAME = AccentColor;
				CODE_SIGN_STYLE = Automatic;
				CURRENT_PROJECT_VERSION = 1;
				GENERATE_INFOPLIST_FILE = YES;
				INFOPLIST_KEY_CFBundleDisplayName = "Sleep Timer";
				INFOPLIST_KEY_UIUserInterfaceStyle = Dark;
				INFOPLIST_KEY_WKCompanionAppBundleIdentifier = com.azm.SleepTimer;
				INFOPLIST_KEY_WKRunsIndependentlyOfCompanionApp = YES;
				LD_RUNPATH_SEARCH_PATHS = (
					"$(inherited)",
					"@executable_path/Frameworks",
				);
				MARKETING_VERSION = 1.0;
				PRODUCT_BUNDLE_IDENTIFIER = com.azm.SleepTimer.watchkitapp;
				PRODUCT_NAME = "$(TARGET_NAME)";
				SDKROOT = watchos;
				SKIP_INSTALL = YES;
				SWIFT_EMIT_LOC_STRINGS = YES;
				SWIFT_VERSION = 5.0;
				TARGETED_DEVICE_FAMILY = 4;
				WATCHOS_DEPLOYMENT_TARGET = 26.0;
			};
			name = Release;
		};
		AA0000000000000000000053 /* Debug */ = {
			isa = XCBuildConfiguration;
			buildSettings = {
				BUNDLE_LOADER = "$(TEST_HOST)";
				CODE_SIGN_STYLE = Automatic;
				CURRENT_PROJECT_VERSION = 1;
				GENERATE_INFOPLIST_FILE = YES;
				IPHONEOS_DEPLOYMENT_TARGET = 26.0;
				MARKETING_VERSION = 1.0;
				PRODUCT_BUNDLE_IDENTIFIER = com.azm.SleepTimerTests;
				PRODUCT_NAME = "$(TARGET_NAME)";
				SWIFT_EMIT_LOC_STRINGS = YES;
				SWIFT_VERSION = 5.0;
				TARGETED_DEVICE_FAMILY = 1;
				TEST_HOST = "$(BUILT_PRODUCTS_DIR)/SleepTimer.app/$(BUNDLE_EXECUTABLE_FOLDER_PATH)/SleepTimer";
			};
			name = Debug;
		};
		AA0000000000000000000054 /* Release */ = {
			isa = XCBuildConfiguration;
			buildSettings = {
				BUNDLE_LOADER = "$(TEST_HOST)";
				CODE_SIGN_STYLE = Automatic;
				CURRENT_PROJECT_VERSION = 1;
				GENERATE_INFOPLIST_FILE = YES;
				IPHONEOS_DEPLOYMENT_TARGET = 26.0;
				MARKETING_VERSION = 1.0;
				PRODUCT_BUNDLE_IDENTIFIER = com.azm.SleepTimerTests;
				PRODUCT_NAME = "$(TARGET_NAME)";
				SWIFT_EMIT_LOC_STRINGS = YES;
				SWIFT_VERSION = 5.0;
				TARGETED_DEVICE_FAMILY = 1;
				TEST_HOST = "$(BUILT_PRODUCTS_DIR)/SleepTimer.app/$(BUNDLE_EXECUTABLE_FOLDER_PATH)/SleepTimer";
			};
			name = Release;
		};
/* End XCBuildConfiguration section */

/* Begin XCConfigurationList section */
		AA000000000000000000004C /* Build configuration list for PBXProject "SleepTimer" */ = {
			isa = XCConfigurationList;
			buildConfigurations = (
				AA000000000000000000004A /* Debug */,
				AA000000000000000000004B /* Release */,
			);
			defaultConfigurationIsVisible = 0;
			defaultConfigurationName = Release;
		};
		AA000000000000000000004F /* Build configuration list for PBXNativeTarget "SleepTimer" */ = {
			isa = XCConfigurationList;
			buildConfigurations = (
				AA000000000000000000004D /* Debug */,
				AA000000000000000000004E /* Release */,
			);
			defaultConfigurationIsVisible = 0;
			defaultConfigurationName = Release;
		};
		AA0000000000000000000052 /* Build configuration list for PBXNativeTarget "SleepTimer Watch App" */ = {
			isa = XCConfigurationList;
			buildConfigurations = (
				AA0000000000000000000050 /* Debug */,
				AA0000000000000000000051 /* Release */,
			);
			defaultConfigurationIsVisible = 0;
			defaultConfigurationName = Release;
		};
		AA0000000000000000000055 /* Build configuration list for PBXNativeTarget "SleepTimerTests" */ = {
			isa = XCConfigurationList;
			buildConfigurations = (
				AA0000000000000000000053 /* Debug */,
				AA0000000000000000000054 /* Release */,
			);
			defaultConfigurationIsVisible = 0;
			defaultConfigurationName = Release;
		};
/* End XCConfigurationList section */
	};
	rootObject = AA000000000000000000003B /* Project object */;
}
